
Microsoft Visual Studio Solution File, Format Version 12.00
# Visual Studio Version 16
VisualStudioVersion = 16.0.31729.503
MinimumVisualStudioVersion = 10.0.40219.1
Project("{FAE04EC0-301F-11D3-BF4B-00C04F79EFBC}") = "API_Employee", "API_Employee\API_Employee.csproj", "{341D4CCF-F1A8-41CF-BC45-1DFA92ED3425}"
EndProject
Global
	GlobalSection(SolutionConfigurationPlatforms) = preSolution
		Debug|Any CPU = Debug|Any CPU
		Release|Any CPU = Release|Any CPU
	EndGlobalSection
	GlobalSection(ProjectConfigurationPlatforms) = postSolution
		{341D4CCF-F1A8-41CF-BC45-1DFA92ED3425}.Debug|Any CPU.ActiveCfg = Debug|Any CPU
		{341D4CCF-F1A8-41CF-BC45-1DFA92ED3425}.Debug|Any CPU.Build.0 = Debug|Any CPU
		{341D4CCF-F1A8-41CF-BC45-1DFA92ED3425}.Release|Any CPU.ActiveCfg = Release|Any CPU
		{341D4CCF-F1A8-41CF-BC45-1DFA92ED3425}.Release|Any CPU.Build.0 = Release|Any CPU
	EndGlobalSection
	GlobalSection(SolutionProperties) = preSolution
		HideSolutionNode = FALSE
	EndGlobalSection
	GlobalSection(ExtensibilityGlobals) = postSolution
		SolutionGuid = {EAF438B7-AB19-4A19-9253-3169AC01131F}
	EndGlobalSection
EndGlobal
